
Microsoft Visual Studio Solution File, Format Version 12.00
# Visual Studio Version 17
VisualStudioVersion = 17.6.33829.357
MinimumVisualStudioVersion = 10.0.40219.1
Project("{2150E333-8FDC-42A3-9474-1A3956D46DE8}") = "ChainOfResponsibiltyDesignPattern", "ChainOfResponsibiltyDesignPattern", "{22254E5C-F80E-4DE7-909D-FEB41220F840}"
EndProject
Project("{9A19103F-16F7-4668-BE54-9A1E7A4F7556}") = "DesignPattern.ChainOfResponsibilty", "ChainOfResponsibiltyDesignPattern\DesignPattern.ChainOfResponsibilty\DesignPattern.ChainOfResponsibilty.csproj", "{76AF8333-F3B8-4415-A370-1B3814436517}"
EndProject
Project("{2150E333-8FDC-42A3-9474-1A3956D46DE8}") = "CQRSDesignPattern", "CQRSDesignPattern", "{089358A4-B26A-4D30-A1C0-25FE11E510B1}"
EndProject
Project("{9A19103F-16F7-4668-BE54-9A1E7A4F7556}") = "DesignPattern.CQRS", "DesignPatternCQRS\DesignPattern.CQRS\DesignPattern.CQRS.csproj", "{5531F6AD-A71F-41FD-A5C8-AF9FC221F1D0}"
EndProject
Project("{2150E333-8FDC-42A3-9474-1A3956D46DE8}") = "TemplateMethodDesignPattern", "TemplateMethodDesignPattern", "{434A178A-CC62-41A0-B317-86A58AD056B2}"
EndProject
Project("{9A19103F-16F7-4668-BE54-9A1E7A4F7556}") = "DesignPattern.TemplateMethod", "TemplateMethodDesignPattern\DesignPattern.TemplateMethod\DesignPattern.TemplateMethod.csproj", "{2F670628-7ED4-475F-96A1-39BFAAF0369E}"
EndProject
Project("{2150E333-8FDC-42A3-9474-1A3956D46DE8}") = "ObserverDesignPattern", "ObserverDesignPattern", "{8319EE34-15FC-44AE-9B7F-F88995B272AE}"
EndProject
Project("{9A19103F-16F7-4668-BE54-9A1E7A4F7556}") = "DesignPattern.Observer", "ObserverDesignPattern\DesignPattern.Observer\DesignPattern.Observer.csproj", "{EE9B77B8-ACAE-4A60-99DC-0B1F6876F5CF}"
EndProject
Project("{2150E333-8FDC-42A3-9474-1A3956D46DE8}") = "UnitOfWorkDesignPattern", "UnitOfWorkDesignPattern", "{37D682A0-21F1-4407-BC9B-7D1512ADBD8D}"
EndProject
Project("{9A19103F-16F7-4668-BE54-9A1E7A4F7556}") = "DesignPattern.UnitOfWork", "UnitOfWorkDesignPattern\DesignPattern.UnitOfWork\DesignPattern.UnitOfWork.csproj", "{3C17F99B-77D1-49B2-9344-5EA7F0A22E06}"
EndProject
Project("{9A19103F-16F7-4668-BE54-9A1E7A4F7556}") = "DesignPattern.EntityLayer", "UnitOfWorkDesignPattern\DesignPattern.EntityLayer\DesignPattern.EntityLayer.csproj", "{88AB84A7-75BD-4FCB-B709-44E1FAF5D7A7}"
EndProject
Project("{9A19103F-16F7-4668-BE54-9A1E7A4F7556}") = "DesignPattern.DataAccessLayer", "UnitOfWorkDesignPattern\DesignPattern.DataAccessLayer\DesignPattern.DataAccessLayer.csproj", "{2F2700F2-7E77-4ACB-BC3A-07ECB0400837}"
EndProject
Project("{9A19103F-16F7-4668-BE54-9A1E7A4F7556}") = "DesignPattern.BusinessLayer", "UnitOfWorkDesignPattern\DesignPattern.BusinessLayer\DesignPattern.BusinessLayer.csproj", "{2B1721FA-4F2E-4E0A-937F-D78029266808}"
EndProject
Project("{2150E333-8FDC-42A3-9474-1A3956D46DE8}") = "RepositoryDesignPattern", "RepositoryDesignPattern", "{C18CBD12-F04B-4A2D-A28B-2BF0D43912B3}"
EndProject
Project("{9A19103F-16F7-4668-BE54-9A1E7A4F7556}") = "RepositoryDesignPattern.PresentationLayer", "RepositoryDesignPattern\RepositoryDesignPattern.PresentationLayer\RepositoryDesignPattern.PresentationLayer.csproj", "{D6A9A770-0140-4261-843B-DD6DA82D541E}"
EndProject
Project("{9A19103F-16F7-4668-BE54-9A1E7A4F7556}") = "RepositoryDesignPattern.BusinessLayer", "RepositoryDesignPattern\RepositoryDesignPattern.BusinessLayer\RepositoryDesignPattern.BusinessLayer.csproj", "{3C4EAAB3-3AE1-4A47-B995-DE3CA574C79B}"
EndProject
Project("{9A19103F-16F7-4668-BE54-9A1E7A4F7556}") = "RepositoryDesignPattern.DataAccessLayer", "RepositoryDesignPattern\DesignPattern.DataAccessLayer\RepositoryDesignPattern.DataAccessLayer.csproj", "{FDA093FF-EA02-4325-8CB4-117EA5149023}"
EndProject
Project("{9A19103F-16F7-4668-BE54-9A1E7A4F7556}") = "RepositoryDesignPattern.EntityLayer", "RepositoryDesignPattern\DesignPattern.EntityLayer\RepositoryDesignPattern.EntityLayer.csproj", "{D7DF96EC-3DA7-4194-87CD-8E280F7D950E}"
EndProject
Project("{2150E333-8FDC-42A3-9474-1A3956D46DE8}") = "CompositeDesignPattern", "CompositeDesignPattern", "{4FED69AF-13BB-41EB-8816-4375090057F9}"
EndProject
Project("{9A19103F-16F7-4668-BE54-9A1E7A4F7556}") = "DesignPattern.Composite", "CompositeDesignPattern\DesignPattern.Composite\DesignPattern.Composite.csproj", "{3D89E9FD-0A2C-4DAD-813B-2055A8AD2E1A}"
EndProject
Project("{2150E333-8FDC-42A3-9474-1A3956D46DE8}") = "MediatorDesignPattern", "MediatorDesignPattern", "{0C0ADA13-3C7D-4436-82BC-65581781AD1D}"
EndProject
Project("{9A19103F-16F7-4668-BE54-9A1E7A4F7556}") = "DesignPattern.Mediator", "MediatorDesignPattern\DesignPattern.Mediator\DesignPattern.Mediator.csproj", "{A9B428CA-A5E2-4300-8416-AB430D0E3F4F}"
EndProject
Project("{2150E333-8FDC-42A3-9474-1A3956D46DE8}") = "IteratorDesignPattern", "IteratorDesignPattern", "{D302D10F-6234-455E-B107-66F4DA9902CD}"
EndProject
Project("{9A19103F-16F7-4668-BE54-9A1E7A4F7556}") = "DesignPattern.Iterator", "IteratorDesignPattern\DesignPattern.Iterator\DesignPattern.Iterator.csproj", "{2BD1C659-B5B9-494B-80DE-75A2D72E4EF3}"
EndProject
Project("{2150E333-8FDC-42A3-9474-1A3956D46DE8}") = "FacadeDesignPattern", "FacadeDesignPattern", "{B3166B27-BB11-4876-94B9-9A0BA2FA37B2}"
EndProject
Project("{FAE04EC0-301F-11D3-BF4B-00C04F79EFBC}") = "DesignPattern.Facade", "FacadeDesignPattern\DesignPattern.Facade\DesignPattern.Facade.csproj", "{8CEBBBE5-CC1F-4C18-940B-D2C77EBDA946}"
EndProject
Global
	GlobalSection(SolutionConfigurationPlatforms) = preSolution
		Debug|Any CPU = Debug|Any CPU
		Release|Any CPU = Release|Any CPU
	EndGlobalSection
	GlobalSection(ProjectConfigurationPlatforms) = postSolution
		{76AF8333-F3B8-4415-A370-1B3814436517}.Debug|Any CPU.ActiveCfg = Debug|Any CPU
		{76AF8333-F3B8-4415-A370-1B3814436517}.Debug|Any CPU.Build.0 = Debug|Any CPU
		{76AF8333-F3B8-4415-A370-1B3814436517}.Release|Any CPU.ActiveCfg = Release|Any CPU
		{76AF8333-F3B8-4415-A370-1B3814436517}.Release|Any CPU.Build.0 = Release|Any CPU
		{5531F6AD-A71F-41FD-A5C8-AF9FC221F1D0}.Debug|Any CPU.ActiveCfg = Debug|Any CPU
		{5531F6AD-A71F-41FD-A5C8-AF9FC221F1D0}.Debug|Any CPU.Build.0 = Debug|Any CPU
		{5531F6AD-A71F-41FD-A5C8-AF9FC221F1D0}.Release|Any CPU.ActiveCfg = Release|Any CPU
		{5531F6AD-A71F-41FD-A5C8-AF9FC221F1D0}.Release|Any CPU.Build.0 = Release|Any CPU
		{2F670628-7ED4-475F-96A1-39BFAAF0369E}.Debug|Any CPU.ActiveCfg = Debug|Any CPU
		{2F670628-7ED4-475F-96A1-39BFAAF0369E}.Debug|Any CPU.Build.0 = Debug|Any CPU
		{2F670628-7ED4-475F-96A1-39BFAAF0369E}.Release|Any CPU.ActiveCfg = Release|Any CPU
		{2F670628-7ED4-475F-96A1-39BFAAF0369E}.Release|Any CPU.Build.0 = Release|Any CPU
		{EE9B77B8-ACAE-4A60-99DC-0B1F6876F5CF}.Debug|Any CPU.ActiveCfg = Debug|Any CPU
		{EE9B77B8-ACAE-4A60-99DC-0B1F6876F5CF}.Debug|Any CPU.Build.0 = Debug|Any CPU
		{EE9B77B8-ACAE-4A60-99DC-0B1F6876F5CF}.Release|Any CPU.ActiveCfg = Release|Any CPU
		{EE9B77B8-ACAE-4A60-99DC-0B1F6876F5CF}.Release|Any CPU.Build.0 = Release|Any CPU
		{3C17F99B-77D1-49B2-9344-5EA7F0A22E06}.Debug|Any CPU.ActiveCfg = Debug|Any CPU
		{3C17F99B-77D1-49B2-9344-5EA7F0A22E06}.Debug|Any CPU.Build.0 = Debug|Any CPU
		{3C17F99B-77D1-49B2-9344-5EA7F0A22E06}.Release|Any CPU.ActiveCfg = Release|Any CPU
		{3C17F99B-77D1-49B2-9344-5EA7F0A22E06}.Release|Any CPU.Build.0 = Release|Any CPU
		{88AB84A7-75BD-4FCB-B709-44E1FAF5D7A7}.Debug|Any CPU.ActiveCfg = Debug|Any CPU
		{88AB84A7-75BD-4FCB-B709-44E1FAF5D7A7}.Debug|Any CPU.Build.0 = Debug|Any CPU
		{88AB84A7-75BD-4FCB-B709-44E1FAF5D7A7}.Release|Any CPU.ActiveCfg = Release|Any CPU
		{88AB84A7-75BD-4FCB-B709-44E1FAF5D7A7}.Release|Any CPU.Build.0 = Release|Any CPU
		{2F2700F2-7E77-4ACB-BC3A-07ECB0400837}.Debug|Any CPU.ActiveCfg = Debug|Any CPU
		{2F2700F2-7E77-4ACB-BC3A-07ECB0400837}.Debug|Any CPU.Build.0 = Debug|Any CPU
		{2F2700F2-7E77-4ACB-BC3A-07ECB0400837}.Release|Any CPU.ActiveCfg = Release|Any CPU
		{2F2700F2-7E77-4ACB-BC3A-07ECB0400837}.Release|Any CPU.Build.0 = Release|Any CPU
		{2B1721FA-4F2E-4E0A-937F-D78029266808}.Debug|Any CPU.ActiveCfg = Debug|Any CPU
		{2B1721FA-4F2E-4E0A-937F-D78029266808}.Debug|Any CPU.Build.0 = Debug|Any CPU
		{2B1721FA-4F2E-4E0A-937F-D78029266808}.Release|Any CPU.ActiveCfg = Release|Any CPU
		{2B1721FA-4F2E-4E0A-937F-D78029266808}.Release|Any CPU.Build.0 = Release|Any CPU
		{D6A9A770-0140-4261-843B-DD6DA82D541E}.Debug|Any CPU.ActiveCfg = Debug|Any CPU
		{D6A9A770-0140-4261-843B-DD6DA82D541E}.Debug|Any CPU.Build.0 = Debug|Any CPU
		{D6A9A770-0140-4261-843B-DD6DA82D541E}.Release|Any CPU.ActiveCfg = Release|Any CPU
		{D6A9A770-0140-4261-843B-DD6DA82D541E}.Release|Any CPU.Build.0 = Release|Any CPU
		{3C4EAAB3-3AE1-4A47-B995-DE3CA574C79B}.Debug|Any CPU.ActiveCfg = Debug|Any CPU
		{3C4EAAB3-3AE1-4A47-B995-DE3CA574C79B}.Debug|Any CPU.Build.0 = Debug|Any CPU
		{3C4EAAB3-3AE1-4A47-B995-DE3CA574C79B}.Release|Any CPU.ActiveCfg = Release|Any CPU
		{3C4EAAB3-3AE1-4A47-B995-DE3CA574C79B}.Release|Any CPU.Build.0 = Release|Any CPU
		{FDA093FF-EA02-4325-8CB4-117EA5149023}.Debug|Any CPU.ActiveCfg = Debug|Any CPU
		{FDA093FF-EA02-4325-8CB4-117EA5149023}.Debug|Any CPU.Build.0 = Debug|Any CPU
		{FDA093FF-EA02-4325-8CB4-117EA5149023}.Release|Any CPU.ActiveCfg = Release|Any CPU
		{FDA093FF-EA02-4325-8CB4-117EA5149023}.Release|Any CPU.Build.0 = Release|Any CPU
		{D7DF96EC-3DA7-4194-87CD-8E280F7D950E}.Debug|Any CPU.ActiveCfg = Debug|Any CPU
		{D7DF96EC-3DA7-4194-87CD-8E280F7D950E}.Debug|Any CPU.Build.0 = Debug|Any CPU
		{D7DF96EC-3DA7-4194-87CD-8E280F7D950E}.Release|Any CPU.ActiveCfg = Release|Any CPU
		{D7DF96EC-3DA7-4194-87CD-8E280F7D950E}.Release|Any CPU.Build.0 = Release|Any CPU
		{3D89E9FD-0A2C-4DAD-813B-2055A8AD2E1A}.Debug|Any CPU.ActiveCfg = Debug|Any CPU
		{3D89E9FD-0A2C-4DAD-813B-2055A8AD2E1A}.Debug|Any CPU.Build.0 = Debug|Any CPU
		{3D89E9FD-0A2C-4DAD-813B-2055A8AD2E1A}.Release|Any CPU.ActiveCfg = Release|Any CPU
		{3D89E9FD-0A2C-4DAD-813B-2055A8AD2E1A}.Release|Any CPU.Build.0 = Release|Any CPU
		{A9B428CA-A5E2-4300-8416-AB430D0E3F4F}.Debug|Any CPU.ActiveCfg = Debug|Any CPU
		{A9B428CA-A5E2-4300-8416-AB430D0E3F4F}.Debug|Any CPU.Build.0 = Debug|Any CPU
		{A9B428CA-A5E2-4300-8416-AB430D0E3F4F}.Release|Any CPU.ActiveCfg = Release|Any CPU
		{A9B428CA-A5E2-4300-8416-AB430D0E3F4F}.Release|Any CPU.Build.0 = Release|Any CPU
		{2BD1C659-B5B9-494B-80DE-75A2D72E4EF3}.Debug|Any CPU.ActiveCfg = Debug|Any CPU
		{2BD1C659-B5B9-494B-80DE-75A2D72E4EF3}.Debug|Any CPU.Build.0 = Debug|Any CPU
		{2BD1C659-B5B9-494B-80DE-75A2D72E4EF3}.Release|Any CPU.ActiveCfg = Release|Any CPU
		{2BD1C659-B5B9-494B-80DE-75A2D72E4EF3}.Release|Any CPU.Build.0 = Release|Any CPU
		{8CEBBBE5-CC1F-4C18-940B-D2C77EBDA946}.Debug|Any CPU.ActiveCfg = Debug|Any CPU
		{8CEBBBE5-CC1F-4C18-940B-D2C77EBDA946}.Debug|Any CPU.Build.0 = Debug|Any CPU
		{8CEBBBE5-CC1F-4C18-940B-D2C77EBDA946}.Release|Any CPU.ActiveCfg = Release|Any CPU
		{8CEBBBE5-CC1F-4C18-940B-D2C77EBDA946}.Release|Any CPU.Build.0 = Release|Any CPU
	EndGlobalSection
	GlobalSection(SolutionProperties) = preSolution
		HideSolutionNode = FALSE
	EndGlobalSection
	GlobalSection(NestedProjects) = preSolution
		{76AF8333-F3B8-4415-A370-1B3814436517} = {22254E5C-F80E-4DE7-909D-FEB41220F840}
		{5531F6AD-A71F-41FD-A5C8-AF9FC221F1D0} = {089358A4-B26A-4D30-A1C0-25FE11E510B1}
		{2F670628-7ED4-475F-96A1-39BFAAF0369E} = {434A178A-CC62-41A0-B317-86A58AD056B2}
		{EE9B77B8-ACAE-4A60-99DC-0B1F6876F5CF} = {8319EE34-15FC-44AE-9B7F-F88995B272AE}
		{3C17F99B-77D1-49B2-9344-5EA7F0A22E06} = {37D682A0-21F1-4407-BC9B-7D1512ADBD8D}
		{88AB84A7-75BD-4FCB-B709-44E1FAF5D7A7} = {37D682A0-21F1-4407-BC9B-7D1512ADBD8D}
		{2F2700F2-7E77-4ACB-BC3A-07ECB0400837} = {37D682A0-21F1-4407-BC9B-7D1512ADBD8D}
		{2B1721FA-4F2E-4E0A-937F-D78029266808} = {37D682A0-21F1-4407-BC9B-7D1512ADBD8D}
		{D6A9A770-0140-4261-843B-DD6DA82D541E} = {C18CBD12-F04B-4A2D-A28B-2BF0D43912B3}
		{3C4EAAB3-3AE1-4A47-B995-DE3CA574C79B} = {C18CBD12-F04B-4A2D-A28B-2BF0D43912B3}
		{FDA093FF-EA02-4325-8CB4-117EA5149023} = {C18CBD12-F04B-4A2D-A28B-2BF0D43912B3}
		{D7DF96EC-3DA7-4194-87CD-8E280F7D950E} = {C18CBD12-F04B-4A2D-A28B-2BF0D43912B3}
		{3D89E9FD-0A2C-4DAD-813B-2055A8AD2E1A} = {4FED69AF-13BB-41EB-8816-4375090057F9}
		{A9B428CA-A5E2-4300-8416-AB430D0E3F4F} = {0C0ADA13-3C7D-4436-82BC-65581781AD1D}
		{2BD1C659-B5B9-494B-80DE-75A2D72E4EF3} = {D302D10F-6234-455E-B107-66F4DA9902CD}
		{8CEBBBE5-CC1F-4C18-940B-D2C77EBDA946} = {B3166B27-BB11-4876-94B9-9A0BA2FA37B2}
	EndGlobalSection
	GlobalSection(ExtensibilityGlobals) = postSolution
		SolutionGuid = {87EF6490-C87C-4126-9D5D-C3CC48AF8BE2}
	EndGlobalSection
EndGlobal
